<Solution>
  <Folder Name="/src/" />
  <Folder Name="/src/backend/">
    <Project Path="src/backend/FlowPlane.Api/FlowPlane.Api.csproj" />
    <Project Path="src/backend/FlowPlane.Application/FlowPlane.Application.csproj" />
    <Project Path="src/backend/FlowPlane.Domain/FlowPlane.Domain.csproj" />
    <Project Path="src/backend/FlowPlane.Infrastructure/FlowPlane.Infrastructure.csproj" />
    <Project Path="src/backend/FlowPlane.Providers.Ssis/FlowPlane.Providers.Ssis.csproj" />
  </Folder>
  <Folder Name="/tests/" />
  <Folder Name="/tests/integration/">
    <Project Path="tests/integration/FlowPlane.Api.Tests/FlowPlane.Api.Tests.csproj" />
  </Folder>
  <Folder Name="/tests/unit/">
    <Project Path="tests/unit/FlowPlane.Architecture.Tests/FlowPlane.Architecture.Tests.csproj" />
  </Folder>
</Solution>
